
Microsoft Visual Studio Solution File, Format Version 12.00
# Visual Studio Version 16
VisualStudioVersion = 16.0.31019.35
MinimumVisualStudioVersion = 10.0.40219.1
Project("{FAE04EC0-301F-11D3-BF4B-00C04F79EFBC}") = "Warhammer Assistant", "Warhammer Assistant\Warhammer Assistant.csproj", "{9DCD3659-4A32-4811-B122-E1AA649CADF8}"
EndProject
Global
	GlobalSection(SolutionConfigurationPlatforms) = preSolution
		Debug|Any CPU = Debug|Any CPU
		Release|Any CPU = Release|Any CPU
	EndGlobalSection
	GlobalSection(ProjectConfigurationPlatforms) = postSolution
		{9DCD3659-4A32-4811-B122-E1AA649CADF8}.Debug|Any CPU.ActiveCfg = Debug|Any CPU
		{9DCD3659-4A32-4811-B122-E1AA649CADF8}.Debug|Any CPU.Build.0 = Debug|Any CPU
		{9DCD3659-4A32-4811-B122-E1AA649CADF8}.Release|Any CPU.ActiveCfg = Release|Any CPU
		{9DCD3659-4A32-4811-B122-E1AA649CADF8}.Release|Any CPU.Build.0 = Release|Any CPU
	EndGlobalSection
	GlobalSection(SolutionProperties) = preSolution
		HideSolutionNode = FALSE
	EndGlobalSection
	GlobalSection(ExtensibilityGlobals) = postSolution
		SolutionGuid = {DC32D385-BF93-4AAE-9FEF-BB8B57BE1866}
	EndGlobalSection
EndGlobal
